{
  "version": 4,
  "terraform_version": "1.7.3",
  "serial": 27,
  "lineage": "c598c584-2425-f674-0399-d89d2cf2ab68",
  "outputs": {},
  "resources": [
    {
      "mode": "data",
      "type": "archive_file",
      "name": "local_function_source",
      "provider": "provider[\"registry.terraform.io/hashicorp/archive\"]",
      "instances": [
        {
          "schema_version": 0,
          "attributes": {
            "exclude_symlink_directories": null,
            "excludes": null,
            "id": "2c801a8f59d17e2a2501593c35798f86228ec369",
            "output_base64sha256": "VxoXhdqiXi2QPakLeNd8+xDJVj7tnIhxKrGg1ijMar0=",
            "output_base64sha512": "HGdZR9GcU1NGCSmW7YHCOAA4768KFjQNjX38mWnuJCxcKA6q+FF2T7mIhRTWHd2VkvIRZskXNMEwGmm63CazIA==",
            "output_file_mode": null,
            "output_md5": "e1b94c3a73e25c683431d713e569d960",
            "output_path": "functions.zip",
            "output_sha": "2c801a8f59d17e2a2501593c35798f86228ec369",
            "output_sha256": "571a1785daa25e2d903da90b78d77cfb10c9563eed9c88712ab1a0d628cc6abd",
            "output_sha512": "1c675947d19c535346092996ed81c2380038efaf0a16340d8d7dfc9969ee242c5c280eaaf851764fb9888514d61ddd9592f21166c91734c1301a69badc26b320",
            "output_size": 2034,
            "source": [],
            "source_content": null,
            "source_content_filename": null,
            "source_dir": "../../src",
            "source_file": null,
            "type": "zip"
          },
          "sensitive_attributes": []
        }
      ]
    },
    {
      "mode": "managed",
      "type": "google_cloudfunctions_function",
      "name": "function",
      "provider": "provider[\"registry.terraform.io/hashicorp/google\"]",
      "instances": [
        {
          "schema_version": 0,
          "attributes": {
            "available_memory_mb": 128,
            "build_environment_variables": null,
            "description": "real-time query performance and billing alert",
            "entry_point": "run",
            "environment_variables": {
              "SLACK_WEBHOOK_URL": "https://hooks.slack.com/services/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"
            },
            "event_trigger": [
              {
                "event_type": "google.pubsub.topic.publish",
                "failure_policy": [
                  {
                    "retry": false
                  }
                ],
                "resource": "projects/m2m-core/topics/bq-police"
              }
            ],
            "https_trigger_url": null,
            "id": "projects/m2m-core/locations/us-central1/functions/bq-police",
            "ingress_settings": "ALLOW_ALL",
            "labels": {},
            "max_instances": 3000,
            "min_instances": 0,
            "name": "bq-police",
            "project": "m2m-core",
            "region": "us-central1",
            "runtime": "python39",
            "service_account_email": "m2m-core@appspot.gserviceaccount.com",
            "source_archive_bucket": "m2m-core-bq-police-deploy",
            "source_archive_object": "functions.e1b94c3a73e25c683431d713e569d960.zip",
            "source_repository": [],
            "timeout": 60,
            "timeouts": null,
            "trigger_http": null,
            "vpc_connector": "",
            "vpc_connector_egress_settings": ""
          },
          "sensitive_attributes": [],
          "private": "eyJlMmJmYjczMC1lY2FhLTExZTYtOGY4OC0zNDM2M2JjN2M0YzAiOnsiY3JlYXRlIjozMDAwMDAwMDAwMDAsImRlbGV0ZSI6MzAwMDAwMDAwMDAwLCJyZWFkIjozMDAwMDAwMDAwMDAsInVwZGF0ZSI6MzAwMDAwMDAwMDAwfX0=",
          "dependencies": [
            "data.archive_file.local_function_source",
            "google_pubsub_topic.log_sink",
            "google_storage_bucket.deploy_bucket",
            "google_storage_bucket_object.deploy_archive"
          ]
        }
      ]
    },
    {
      "mode": "managed",
      "type": "google_logging_project_sink",
      "name": "log_sink",
      "provider": "provider[\"registry.terraform.io/hashicorp/google\"]",
      "instances": [
        {
          "schema_version": 0,
          "attributes": {
            "bigquery_options": [],
            "description": "",
            "destination": "pubsub.googleapis.com/projects/m2m-core/topics/bq-police",
            "disabled": false,
            "exclusions": [],
            "filter": "resource.type=\"bigquery_resource\"\n protoPayload.methodName=\"jobservice.jobcompleted\"\n protoPayload.serviceData.jobCompletedEvent.eventName=\"query_job_completed\"",
            "id": "projects/m2m-core/sinks/bq-police",
            "name": "bq-police",
            "project": "m2m-core",
            "unique_writer_identity": true,
            "writer_identity": "serviceAccount:service-829912128848@gcp-sa-logging.iam.gserviceaccount.com"
          },
          "sensitive_attributes": [],
          "private": "bnVsbA==",
          "dependencies": [
            "google_pubsub_topic.log_sink"
          ]
        }
      ]
    },
    {
      "mode": "managed",
      "type": "google_pubsub_topic",
      "name": "log_sink",
      "provider": "provider[\"registry.terraform.io/hashicorp/google\"]",
      "instances": [
        {
          "schema_version": 0,
          "attributes": {
            "id": "projects/m2m-core/topics/bq-police",
            "kms_key_name": "",
            "labels": {},
            "message_retention_duration": "",
            "message_storage_policy": [],
            "name": "bq-police",
            "project": "m2m-core",
            "schema_settings": [],
            "timeouts": null
          },
          "sensitive_attributes": [],
          "private": "eyJlMmJmYjczMC1lY2FhLTExZTYtOGY4OC0zNDM2M2JjN2M0YzAiOnsiY3JlYXRlIjozNjAwMDAwMDAwMDAsImRlbGV0ZSI6MjQwMDAwMDAwMDAwLCJ1cGRhdGUiOjM2MDAwMDAwMDAwMH19"
        }
      ]
    },
    {
      "mode": "managed",
      "type": "google_pubsub_topic_iam_member",
      "name": "log_sink",
      "provider": "provider[\"registry.terraform.io/hashicorp/google\"]",
      "instances": [
        {
          "schema_version": 0,
          "attributes": {
            "condition": [],
            "etag": "BwYTV58D0J4=",
            "id": "projects/m2m-core/topics/bq-police/roles/editor/serviceAccount:service-829912128848@gcp-sa-logging.iam.gserviceaccount.com",
            "member": "serviceAccount:service-829912128848@gcp-sa-logging.iam.gserviceaccount.com",
            "project": "m2m-core",
            "role": "roles/editor",
            "topic": "projects/m2m-core/topics/bq-police"
          },
          "sensitive_attributes": [],
          "private": "bnVsbA==",
          "dependencies": [
            "google_logging_project_sink.log_sink",
            "google_pubsub_topic.log_sink"
          ]
        }
      ]
    },
    {
      "mode": "managed",
      "type": "google_storage_bucket",
      "name": "deploy_bucket",
      "provider": "provider[\"registry.terraform.io/hashicorp/google\"]",
      "instances": [
        {
          "schema_version": 0,
          "attributes": {
            "cors": [],
            "default_event_based_hold": false,
            "encryption": [],
            "force_destroy": false,
            "id": "m2m-core-bq-police-deploy",
            "labels": {},
            "lifecycle_rule": [],
            "location": "US",
            "logging": [],
            "name": "m2m-core-bq-police-deploy",
            "project": "m2m-core",
            "requester_pays": false,
            "retention_policy": [],
            "self_link": "https://www.googleapis.com/storage/v1/b/m2m-core-bq-police-deploy",
            "storage_class": "STANDARD",
            "timeouts": null,
            "uniform_bucket_level_access": false,
            "url": "gs://m2m-core-bq-police-deploy",
            "versioning": [],
            "website": []
          },
          "sensitive_attributes": [],
          "private": "eyJlMmJmYjczMC1lY2FhLTExZTYtOGY4OC0zNDM2M2JjN2M0YzAiOnsiY3JlYXRlIjoyNDAwMDAwMDAwMDAsInJlYWQiOjI0MDAwMDAwMDAwMCwidXBkYXRlIjoyNDAwMDAwMDAwMDB9fQ=="
        }
      ]
    },
    {
      "mode": "managed",
      "type": "google_storage_bucket_object",
      "name": "deploy_archive",
      "provider": "provider[\"registry.terraform.io/hashicorp/google\"]",
      "instances": [
        {
          "schema_version": 0,
          "attributes": {
            "bucket": "m2m-core-bq-police-deploy",
            "cache_control": "",
            "content": null,
            "content_disposition": "",
            "content_encoding": "",
            "content_language": "",
            "content_type": "application/zip",
            "crc32c": "62YfHA==",
            "customer_encryption": [],
            "detect_md5hash": "4blMOnPiXGg0MdcT5WnZYA==",
            "event_based_hold": false,
            "id": "m2m-core-bq-police-deploy-functions.e1b94c3a73e25c683431d713e569d960.zip",
            "kms_key_name": "",
            "md5hash": "4blMOnPiXGg0MdcT5WnZYA==",
            "media_link": "https://storage.googleapis.com/download/storage/v1/b/m2m-core-bq-police-deploy/o/functions.e1b94c3a73e25c683431d713e569d960.zip?generation=1710059600573481\u0026alt=media",
            "metadata": {},
            "name": "functions.e1b94c3a73e25c683431d713e569d960.zip",
            "output_name": "functions.e1b94c3a73e25c683431d713e569d960.zip",
            "self_link": "https://www.googleapis.com/storage/v1/b/m2m-core-bq-police-deploy/o/functions.e1b94c3a73e25c683431d713e569d960.zip",
            "source": "functions.zip",
            "storage_class": "STANDARD",
            "temporary_hold": false,
            "timeouts": null
          },
          "sensitive_attributes": [],
          "private": "eyJlMmJmYjczMC1lY2FhLTExZTYtOGY4OC0zNDM2M2JjN2M0YzAiOnsiY3JlYXRlIjoyNDAwMDAwMDAwMDAsImRlbGV0ZSI6MjQwMDAwMDAwMDAwLCJ1cGRhdGUiOjI0MDAwMDAwMDAwMH19",
          "dependencies": [
            "data.archive_file.local_function_source",
            "google_storage_bucket.deploy_bucket"
          ]
        }
      ]
    }
  ],
  "check_results": null
}
